{
  "version": 2,
  "dependencies": {
    "net10.0": {
      "JetBrains.Annotations": {
        "type": "Direct",
        "requested": "[2026.2.0, )",
        "resolved": "2026.2.0",
        "contentHash": "drvAEaI7Xf4wU6dx4UTB9MoZWXZlraaQ0qoeThPQ411FxNhId7QdUTukIC9I8aUHP0ycAaGwZNKqSvfOZQvUlg=="
      },
      "Microsoft.NET.ILLink.Tasks": {
        "type": "Direct",
        "requested": "[10.0.8, )",
        "resolved": "10.0.8",
        "contentHash": "dVbSXGIFNR5nZcv2tOLoWI+a9T4jtFd77IYjuND+QVe360qWgAF7H0WtoopYhRw/+SgpGUTyrkrh+65+ClNnfw=="
      },
      "SonarAnalyzer.CSharp": {
        "type": "Direct",
        "requested": "[10.27.0.140913, )",
        "resolved": "10.27.0.140913",
        "contentHash": "cxk12QjN9io1SjN36B1QO+9dRf+ek2CGfQGsOWtHBojE35cKchKJod48raxZwe47jHhzmAUO4AJSh7+hF0GS4g=="
      },
      "sharedkernel.integrationevents": {
        "type": "Project",
        "dependencies": {
          "SharedKernel.Mediator.Abstractions": "[1.0.0, )"
        }
      },
      "sharedkernel.mediator.abstractions": {
        "type": "Project"
      },
      "sharedkernel.results": {
        "type": "Project"
      },
      "viajantesturismo.admin.contracts": {
        "type": "Project",
        "dependencies": {
          "SharedKernel.IntegrationEvents": "[1.0.0, )",
          "SharedKernel.Mediator.Abstractions": "[1.0.0, )"
        }
      },
      "viajantesturismo.common": {
        "type": "Project",
        "dependencies": {
          "SharedKernel.Results": "[1.0.0, )"
        }
      }
    }
  }
}