{
  "version": 2,
  "dependencies": {
    "net10.0": {
      "Microsoft.Extensions.DependencyInjection.Abstractions": {
        "type": "Direct",
        "requested": "[10.0.8, )",
        "resolved": "10.0.8",
        "contentHash": "21nbDV60SRPWGIivsyl6lqBeEJNG1sginhhfWgRrr3Ais7aQ12To25OAHQxgoiJkjqy1aQ6RxpZBGYuTi7Ge6A=="
      },
      "Microsoft.Extensions.Options": {
        "type": "Direct",
        "requested": "[10.0.8, )",
        "resolved": "10.0.8",
        "contentHash": "VBD+131DpTNCNDfA4kIyKTiCySvJGNhwibdWBSdFRu7GMfXLXcXODkgA+KStKbbhzraLglZWUN4nXyHgW4JIRA==",
        "dependencies": {
          "Microsoft.Extensions.DependencyInjection.Abstractions": "10.0.8",
          "Microsoft.Extensions.Primitives": "10.0.8"
        }
      },
      "SonarAnalyzer.CSharp": {
        "type": "Direct",
        "requested": "[10.26.0.140279, )",
        "resolved": "10.26.0.140279",
        "contentHash": "n6+KDAbvKCJs0oYIQlxFdsmvcj1YSJ7TiqEd5jYq58T1s1Q4bwymFMeVFGDUyDKqSH9YO/7Fobvm0u9WJ7MaRQ=="
      },
      "Microsoft.Extensions.Primitives": {
        "type": "Transitive",
        "resolved": "10.0.8",
        "contentHash": "OBPo4nYhMyIbtueoC10CBm6AGAbo/A9IV8QQ/6ryZS7VvmqpGT7hunazeHLxFawRzn3oLOq4jhqhpBX4tfswWQ=="
      }
    }
  }
}