{
  "version": 2,
  "dependencies": {
    "net10.0": {
      "Microsoft.AspNetCore.OpenApi": {
        "type": "Direct",
        "requested": "[10.0.5, )",
        "resolved": "10.0.5",
        "contentHash": "vTcxIfOPyfFbYk1g8YcXJfkMnlEWVkSnnjxcZLy60zgwiHMRf2SnZR+9E4HlpwKxgE3yfKMOti8J6WfKuKsw6w==",
        "dependencies": {
          "Microsoft.OpenApi": "2.0.0"
        }
      },
      "Microsoft.NET.ILLink.Tasks": {
        "type": "Direct",
        "requested": "[10.0.5, )",
        "resolved": "10.0.5",
        "contentHash": "A+5ZuQ0f449tM+MQrhf6R9ZX7lYpjk/ODEwLYKrnF6111rtARx8fVsm4YznUnQiKnnXfaXNBqgxmil6RW3L3SA=="
      },
      "SonarAnalyzer.CSharp": {
        "type": "Direct",
        "requested": "[10.22.0.136894, )",
        "resolved": "10.22.0.136894",
        "contentHash": "6fI0XUWHvFIa/cvo1HuopV1Gh1hnKJq+XlTMJ2q71+6D3uVkl6Vxza3fFKQ9C4Bc7KFUFtukzRPmiH1be0JxOA=="
      },
      "Microsoft.EntityFrameworkCore": {
        "type": "Transitive",
        "resolved": "10.0.5",
        "contentHash": "9tNBmK3EpYVGRQLiqP+bqK2m+TD0Gv//4vCzR7ZOgl4FWzCFyOpYdIVka13M4kcBdPdSJcs3wbHr3rmzOqbIMA==",
        "dependencies": {
          "Microsoft.EntityFrameworkCore.Abstractions": "10.0.5",
          "Microsoft.EntityFrameworkCore.Analyzers": "10.0.5"
        }
      },
      "Microsoft.EntityFrameworkCore.Abstractions": {
        "type": "Transitive",
        "resolved": "10.0.5",
        "contentHash": "32c58Rnm47Qvhimawf67KO9PytgPz3QoWye7Abapt0Yocw/JnzMiSNj/pRoIKyn8Jxypkv86zxKD4Q/zNTc0Ag=="
      },
      "Microsoft.EntityFrameworkCore.Analyzers": {
        "type": "Transitive",
        "resolved": "10.0.5",
        "contentHash": "ipC4u1VojgEfoIZhtbS2Sx5IluJTP/Jf1hz3yGsxGBgSukYY/CquI6rAjxn5H58CZgVn36qcuPPtNMwZ0AUzMg=="
      },
      "Microsoft.EntityFrameworkCore.Relational": {
        "type": "Transitive",
        "resolved": "10.0.5",
        "contentHash": "uxmFjZEAB/KbsgWFSS4lLqkEHCfXxB2x0UcbiO4e5fCRpFFeTMSx/me6009nYJLu5IKlDwO1POh++P6RilFTDw==",
        "dependencies": {
          "Microsoft.EntityFrameworkCore": "10.0.5"
        }
      },
      "Microsoft.Extensions.AmbientMetadata.Application": {
        "type": "Transitive",
        "resolved": "10.4.0",
        "contentHash": "bovnONzrr/JIc+w343i857rJEb7cQH9UzEjbV5n67agWBEYICGQb8xiqYz5+GoFXp6mKEKLwYCQGttMU1p5yXQ=="
      },
      "Microsoft.Extensions.Compliance.Abstractions": {
        "type": "Transitive",
        "resolved": "10.4.0",
        "contentHash": "4WkknDbVrHNf+S6fwSt1OAXlGJ/G/QrtJlqx4aNzOLmeT3GRyxpGLZn+Q3UV+RMRAF6FfsijEZBg2ZAW8bTAkg=="
      },
      "Microsoft.Extensions.DependencyInjection.AutoActivation": {
        "type": "Transitive",
        "resolved": "10.4.0",
        "contentHash": "ksmUG2SFTcXzYdyoLOdeSM/qYLRGN6qbbSzYVkwMK9xsctfR1hYkUayeOpFCMd7L+QSlYX72mK9wxwdgQxyS4g=="
      },
      "Microsoft.Extensions.Diagnostics.ExceptionSummarization": {
        "type": "Transitive",
        "resolved": "10.4.0",
        "contentHash": "1/hQmONMWxRTKXuN0pQShQN9QsqIRTS1G4fdmKW0O9phuVZjyzIROQD9Fbfwyn2t+yvP8SzjatGAPX4jDRfgHg=="
      },
      "Microsoft.Extensions.Diagnostics.HealthChecks.EntityFrameworkCore": {
        "type": "Transitive",
        "resolved": "10.0.5",
        "contentHash": "RtNhAwrnZcUZgi3SUMvaDVF405ZtKVR7l/6OHcqFj6JY5nT7QOdBxxULnby9dUQ6Jhnfl7cdDlMjsexfASNyjg==",
        "dependencies": {
          "Microsoft.EntityFrameworkCore.Relational": "10.0.5"
        }
      },
      "Microsoft.Extensions.Http.Diagnostics": {
        "type": "Transitive",
        "resolved": "10.4.0",
        "contentHash": "ybx2QcCWROCnUCbSj/IyHXn1c58brjjHzTTbueKgBl/qHsWk69mu25mjQ3oaMsO1I0+EcS6AhVuhIopL2q3IDw==",
        "dependencies": {
          "Microsoft.Extensions.Telemetry": "10.4.0"
        }
      },
      "Microsoft.Extensions.Resilience": {
        "type": "Transitive",
        "resolved": "10.4.0",
        "contentHash": "41CCbJJPsDWU6NsmKfANHkfT/+KCBlZZqQ1eBoQhhW0xqGCiWmUlMdi2BoaM/GcwKHX5WiQL/IESROmgk0Owfw==",
        "dependencies": {
          "Microsoft.Extensions.Diagnostics.ExceptionSummarization": "10.4.0",
          "Microsoft.Extensions.Telemetry.Abstractions": "10.4.0",
          "Polly.Extensions": "8.4.2",
          "Polly.RateLimiting": "8.4.2"
        }
      },
      "Microsoft.Extensions.ServiceDiscovery.Abstractions": {
        "type": "Transitive",
        "resolved": "10.4.0",
        "contentHash": "HkBb7cdi27tkQiQw1anQFbXe+A3pjRwDKgVbd/DD9fMAO2X9abK0FEyM/tNVXjW3lwOWl2tF+Xij/DqI6i+JTg=="
      },
      "Microsoft.Extensions.Telemetry": {
        "type": "Transitive",
        "resolved": "10.4.0",
        "contentHash": "AbHleTzdpGPjA6RpOjKVHEYx7SoBRnJ2bwAbbPa3aGB7HiVwBmeTJhBGhtIBiuIW0VpKDS8x+bV5iWqpBRIf4w==",
        "dependencies": {
          "Microsoft.Extensions.AmbientMetadata.Application": "10.4.0",
          "Microsoft.Extensions.DependencyInjection.AutoActivation": "10.4.0",
          "Microsoft.Extensions.Telemetry.Abstractions": "10.4.0"
        }
      },
      "Microsoft.Extensions.Telemetry.Abstractions": {
        "type": "Transitive",
        "resolved": "10.4.0",
        "contentHash": "3b2uVa4voJfLLg39BPCKQS0ZgnpEZFkKf7YmnMVlM5FQJYBPOuePIQdnEK1/Oxd+w3GscxGYuE7IMOXDwixZtQ==",
        "dependencies": {
          "Microsoft.Extensions.Compliance.Abstractions": "10.4.0"
        }
      },
      "Microsoft.OpenApi": {
        "type": "Transitive",
        "resolved": "2.0.0",
        "contentHash": "GGYLfzV/G/ct80OZ45JxnWP7NvMX1BCugn/lX7TH5o0lcVaviavsLMTxmFV2AybXWjbi3h6FF1vgZiTK6PXndw=="
      },
      "Npgsql": {
        "type": "Transitive",
        "resolved": "10.0.1",
        "contentHash": "XyUcxEfqlFomhNTG/ZdGlec+uSOQArKz0Mzz8jYKP/Jj9GM2YabU5CVZtp0yiC4f9hRp+tRZTnHMatJeJ3rwgw=="
      },
      "Npgsql.DependencyInjection": {
        "type": "Transitive",
        "resolved": "10.0.1",
        "contentHash": "YHFa4vD27sNIfv6s5q8Zi1fLvKfmK1xcpMv0PUvXOxDFbRmuMRSHwpZTbPvsAlj97q1/o7DfyynLqfqrCm1VnA==",
        "dependencies": {
          "Npgsql": "10.0.1"
        }
      },
      "Npgsql.EntityFrameworkCore.PostgreSQL": {
        "type": "Transitive",
        "resolved": "10.0.0",
        "contentHash": "E2+uSWxSB8LdsUVwPaqRWOcGOP92biry2JEwc0KJMdLJF+aZdczeIdEXVwEyv4nSVMQJH0o8tLhyAMiR6VF0lw==",
        "dependencies": {
          "Microsoft.EntityFrameworkCore": "[10.0.0, 11.0.0)",
          "Microsoft.EntityFrameworkCore.Relational": "[10.0.0, 11.0.0)",
          "Npgsql": "10.0.0"
        }
      },
      "Npgsql.OpenTelemetry": {
        "type": "Transitive",
        "resolved": "10.0.1",
        "contentHash": "G9fEIBaHggZXWfDSDnKLc0XwKcbuU6i2eXp7zDqpgYxbhCmIN9fRgaSOGyyMNHSo/yY1IB4G4CjW5VO/SKRR0g==",
        "dependencies": {
          "Npgsql": "10.0.1",
          "OpenTelemetry.API": "1.14.0"
        }
      },
      "OpenTelemetry": {
        "type": "Transitive",
        "resolved": "1.15.1",
        "contentHash": "oJCqFTS/9S70TGPoamdGJRvw5hLOn6I/XC4X0npDErl2sHDlAg030ArJkIHIuLFCTO5GWqj1uDhsZNjO36xMxg==",
        "dependencies": {
          "OpenTelemetry.Api.ProviderBuilderExtensions": "1.15.1"
        }
      },
      "OpenTelemetry.Api": {
        "type": "Transitive",
        "resolved": "1.15.1",
        "contentHash": "+LJP0YBrysh4kPCRZhEyTUTcd+FFP0NPDvV4AzULBmiInGt6fp+RgBieRhUzVX/yyVEyshg3s82RWFYZJIkeGQ=="
      },
      "OpenTelemetry.Api.ProviderBuilderExtensions": {
        "type": "Transitive",
        "resolved": "1.15.1",
        "contentHash": "aZedpOfXtHmVSWlebxJBeJg2DCdzds86mMowBTS6l+sjwV9LvQuZa0JDU9+S7FQvta4hnauxlCEYplbiDiYGeg==",
        "dependencies": {
          "OpenTelemetry.Api": "1.15.1"
        }
      },
      "Polly.Core": {
        "type": "Transitive",
        "resolved": "8.4.2",
        "contentHash": "BpE2I6HBYYA5tF0Vn4eoQOGYTYIK1BlF5EXVgkWGn3mqUUjbXAr13J6fZVbp7Q3epRR8yshacBMlsHMhpOiV3g=="
      },
      "Polly.Extensions": {
        "type": "Transitive",
        "resolved": "8.4.2",
        "contentHash": "GZ9vRVmR0jV2JtZavt+pGUsQ1O1cuRKG7R7VOZI6ZDy9y6RNPvRvXK1tuS4ffUrv8L0FTea59oEuQzgS0R7zSA==",
        "dependencies": {
          "Polly.Core": "8.4.2"
        }
      },
      "Polly.RateLimiting": {
        "type": "Transitive",
        "resolved": "8.4.2",
        "contentHash": "ehTImQ/eUyO07VYW2WvwSmU9rRH200SKJ/3jku9rOkyWE0A2JxNFmAVms8dSn49QLSjmjFRRSgfNyOgr/2PSmA==",
        "dependencies": {
          "Polly.Core": "8.4.2"
        }
      },
      "viajantesturismo.admin.application": {
        "type": "Project",
        "dependencies": {
          "ViajantesTurismo.Admin.Domain": "[1.0.0, )"
        }
      },
      "viajantesturismo.admin.contracts": {
        "type": "Project"
      },
      "viajantesturismo.admin.domain": {
        "type": "Project",
        "dependencies": {
          "JetBrains.Annotations": "[2025.2.4, )",
          "ViajantesTurismo.Admin.Contracts": "[1.0.0, )",
          "ViajantesTurismo.Common": "[1.0.0, )"
        }
      },
      "viajantesturismo.admin.infrastructure": {
        "type": "Project",
        "dependencies": {
          "Aspire.Npgsql.EntityFrameworkCore.PostgreSQL": "[13.2.1, )",
          "ViajantesTurismo.Admin.Application": "[1.0.0, )",
          "ViajantesTurismo.Admin.Domain": "[1.0.0, )",
          "ViajantesTurismo.Resources": "[1.0.0, )"
        }
      },
      "viajantesturismo.common": {
        "type": "Project"
      },
      "viajantesturismo.resources": {
        "type": "Project"
      },
      "viajantesturismo.servicedefaults": {
        "type": "Project",
        "dependencies": {
          "JetBrains.Annotations": "[2025.2.4, )",
          "Microsoft.Extensions.Http.Resilience": "[10.4.0, )",
          "Microsoft.Extensions.ServiceDiscovery": "[10.4.0, )",
          "OpenTelemetry.Exporter.OpenTelemetryProtocol": "[1.15.1, )",
          "OpenTelemetry.Extensions.Hosting": "[1.15.1, )",
          "OpenTelemetry.Instrumentation.AspNetCore": "[1.15.1, )",
          "OpenTelemetry.Instrumentation.EntityFrameworkCore": "[1.15.0-beta.1, )",
          "OpenTelemetry.Instrumentation.GrpcNetClient": "[1.15.0-beta.1, )",
          "OpenTelemetry.Instrumentation.Http": "[1.15.0, )",
          "OpenTelemetry.Instrumentation.Runtime": "[1.15.0, )"
        }
      },
      "Aspire.Npgsql.EntityFrameworkCore.PostgreSQL": {
        "type": "CentralTransitive",
        "requested": "[13.2.1, )",
        "resolved": "13.2.1",
        "contentHash": "+KLpFbl3y3/nwE0/OaNhhwO5YWfXLT66lRtm18bsCDTKitgCh9gs8/T2sBcG4uk9zSGRiMSiG+oSJ5XnUn16Qg==",
        "dependencies": {
          "Microsoft.Extensions.Diagnostics.HealthChecks.EntityFrameworkCore": "10.0.5",
          "Npgsql.DependencyInjection": "10.0.1",
          "Npgsql.EntityFrameworkCore.PostgreSQL": "10.0.0",
          "Npgsql.OpenTelemetry": "10.0.1",
          "OpenTelemetry.Extensions.Hosting": "1.15.0"
        }
      },
      "JetBrains.Annotations": {
        "type": "CentralTransitive",
        "requested": "[2025.2.4, )",
        "resolved": "2025.2.4",
        "contentHash": "TwbgxAkXxY+vNEhNVx/QXjJ4vqxmepOjsgRvvImQPbHkHMMb4W+ahL3laMsxXKtNT7iMy+E1B3xkqao2hf1n3A=="
      },
      "Microsoft.Extensions.Http.Resilience": {
        "type": "CentralTransitive",
        "requested": "[10.4.0, )",
        "resolved": "10.4.0",
        "contentHash": "HbkUsPUC7vLy2TaDbdA9aooW64n9yX4sUppRuiJ1cOzzU1FUW+MVEotm6kYVq6AuUI9xwFSBhRFzA03blmk3VA==",
        "dependencies": {
          "Microsoft.Extensions.Http.Diagnostics": "10.4.0",
          "Microsoft.Extensions.Resilience": "10.4.0"
        }
      },
      "Microsoft.Extensions.ServiceDiscovery": {
        "type": "CentralTransitive",
        "requested": "[10.4.0, )",
        "resolved": "10.4.0",
        "contentHash": "RznZAH6L4RNvroECT5JpqfFQJjHTn+8N7+ThSgYutbshkuymFeL/uBIZt1CM8LOdpPPhn4//a5fLUah9/k7ayQ==",
        "dependencies": {
          "Microsoft.Extensions.ServiceDiscovery.Abstractions": "10.4.0"
        }
      },
      "OpenTelemetry.Exporter.OpenTelemetryProtocol": {
        "type": "CentralTransitive",
        "requested": "[1.15.1, )",
        "resolved": "1.15.1",
        "contentHash": "400L64MwDd1s2bj4fFJblo3Hf5rXE3bhJUlOSBcLF6QP1Ln116Eqnwnesxhg2siDxOgHYLjcfCC8ByJTDEpNFQ==",
        "dependencies": {
          "OpenTelemetry": "1.15.1"
        }
      },
      "OpenTelemetry.Extensions.Hosting": {
        "type": "CentralTransitive",
        "requested": "[1.15.1, )",
        "resolved": "1.15.1",
        "contentHash": "/mN9I16P8miDSHogFC0OFyPzUvYXibk/rLFLXW3Io50IN+XEQx7E6dSyUdMRdY+NKmOCo/oS5ICXkjdoFrwq2A==",
        "dependencies": {
          "OpenTelemetry": "1.15.1"
        }
      },
      "OpenTelemetry.Instrumentation.AspNetCore": {
        "type": "CentralTransitive",
        "requested": "[1.15.1, )",
        "resolved": "1.15.1",
        "contentHash": "wXaZTu6LHY8xcbRd6ClcrtjHqGVoGYCcArXEZA3iUjUcYSVYwDGyPU0PdkwTfylxv8JeCCVDQhVb0fT7xBJjGA==",
        "dependencies": {
          "OpenTelemetry.Api.ProviderBuilderExtensions": "[1.15.0, 2.0.0)"
        }
      },
      "OpenTelemetry.Instrumentation.EntityFrameworkCore": {
        "type": "CentralTransitive",
        "requested": "[1.15.0-beta.1, )",
        "resolved": "1.15.0-beta.1",
        "contentHash": "N01GzP+r8lpSBiqjRX0/WjSp17r+zk6dKvGKthiASyFzF44lrJo8cA3ihXnw3p4Rnqg1mVjOYy19R6iJ84NTpg==",
        "dependencies": {
          "OpenTelemetry.Api.ProviderBuilderExtensions": "[1.15.0, 2.0.0)"
        }
      },
      "OpenTelemetry.Instrumentation.GrpcNetClient": {
        "type": "CentralTransitive",
        "requested": "[1.15.0-beta.1, )",
        "resolved": "1.15.0-beta.1",
        "contentHash": "SBas5+C4kGUqoy8OPpQis+QIgJ7/aaJl4H3oLzHCJnZLCb8TXZmQL2/r753RXXJUH8oIeLIzdW+EXgujSy+cpQ==",
        "dependencies": {
          "OpenTelemetry": "[1.15.0, 2.0.0)"
        }
      },
      "OpenTelemetry.Instrumentation.Http": {
        "type": "CentralTransitive",
        "requested": "[1.15.0, )",
        "resolved": "1.15.0",
        "contentHash": "uToc7bUp8IEdb0ny9mKsL6FrrYelINPzxxiSShJgOf4XmQc4Azww6S5RjRj24YhsOn2a1MABOrxfVTZXtDk4Eg==",
        "dependencies": {
          "OpenTelemetry.Api.ProviderBuilderExtensions": "[1.15.0, 2.0.0)"
        }
      },
      "OpenTelemetry.Instrumentation.Runtime": {
        "type": "CentralTransitive",
        "requested": "[1.15.0, )",
        "resolved": "1.15.0",
        "contentHash": "OOvpqR/j2Pb6+tWhHNODIbSJ53Or/MDtTiXEyrsWI02K2lLAgvBFcxUOrHggS/8015cYR3AdSaXv6NZrkz5yQA==",
        "dependencies": {
          "OpenTelemetry.Api": "[1.15.0, 2.0.0)"
        }
      }
    }
  }
}