{
  "version": 2,
  "dependencies": {
    "net10.0": {
      "Magick.NET-Q8-AnyCPU": {
        "type": "Direct",
        "requested": "[14.16.0, )",
        "resolved": "14.16.0",
        "contentHash": "mV5igNia0VyUtRAmqUpI/ZBEL78+0A+JxPoOs7clwlZEvPCsvk+uF0hLl10zaFYmH5I8BaqVpI2+R+td1bbNrg==",
        "dependencies": {
          "Magick.NET.Core": "14.16.0"
        }
      },
      "Microsoft.CodeAnalysis.PublicApiAnalyzers": {
        "type": "Direct",
        "requested": "[3.3.4, )",
        "resolved": "3.3.4",
        "contentHash": "kNLTfXtXUWDHVt5iaPkkiPuyHYlMgLI6SOFT4w88bfeI2vqSeGgHunFkdvlaCM8RDfcY0t2+jnesQtidRJJ/DA=="
      },
      "Microsoft.NET.ILLink.Tasks": {
        "type": "Direct",
        "requested": "[10.0.11, )",
        "resolved": "10.0.11",
        "contentHash": "IBf7lbovvjGWVWXZX5cJ/cO0WXbId0Zq4BuSeT94mGZuOAP66oMeH9PTBZ9Jpp3Jb6jtK0qm/NyUbPRo1gC/wQ=="
      },
      "SonarAnalyzer.CSharp": {
        "type": "Direct",
        "requested": "[10.33.0.1635, )",
        "resolved": "10.33.0.1635",
        "contentHash": "nOwgvMh7p64z62GTy2n4Ki51DVy4Q2ejxxfuclW6Y5u6Htk1i2RNRqxuONiZ/4aaBi8V6RwzuCcGTOFcoVoQOg=="
      },
      "Magick.NET.Core": {
        "type": "Transitive",
        "resolved": "14.16.0",
        "contentHash": "ddBX/Zb0sCsX4agqHdHeqUx+grfw8I7GFU+lgut3mtNl7roxbxemSQFGLIJXtzwPuAHxbaMtkXA+ijVl02EUhQ=="
      }
    }
  }
}