{
  "version": 2,
  "dependencies": {
    "net10.0": {
      "SonarAnalyzer.CSharp": {
        "type": "Direct",
        "requested": "[10.26.0.140279, )",
        "resolved": "10.26.0.140279",
        "contentHash": "n6+KDAbvKCJs0oYIQlxFdsmvcj1YSJ7TiqEd5jYq58T1s1Q4bwymFMeVFGDUyDKqSH9YO/7Fobvm0u9WJ7MaRQ=="
      },
      "sharedkernel.domain": {
        "type": "Project"
      },
      "sharedkernel.eventsourcing": {
        "type": "Project"
      },
      "sharedkernel.idempotency": {
        "type": "Project"
      },
      "sharedkernel.integrationevents": {
        "type": "Project",
        "dependencies": {
          "SharedKernel.Mediator.Abstractions": "[1.0.0, )"
        }
      },
      "sharedkernel.mediator.abstractions": {
        "type": "Project"
      },
      "sharedkernel.results": {
        "type": "Project"
      },
      "viajantesturismo.admin.contracts": {
        "type": "Project",
        "dependencies": {
          "SharedKernel.IntegrationEvents": "[1.0.0, )",
          "SharedKernel.Mediator.Abstractions": "[1.0.0, )"
        }
      },
      "viajantesturismo.catalog.application": {
        "type": "Project",
        "dependencies": {
          "SharedKernel.EventSourcing": "[1.0.0, )",
          "SharedKernel.Idempotency": "[1.0.0, )",
          "SharedKernel.IntegrationEvents": "[1.0.0, )",
          "SharedKernel.Mediator.Abstractions": "[1.0.0, )",
          "SharedKernel.Results": "[1.0.0, )",
          "ViajantesTurismo.Admin.Contracts": "[1.0.0, )",
          "ViajantesTurismo.Catalog.Contracts": "[1.0.0, )",
          "ViajantesTurismo.Catalog.Domain": "[1.0.0, )"
        }
      },
      "viajantesturismo.catalog.contracts": {
        "type": "Project"
      },
      "viajantesturismo.catalog.domain": {
        "type": "Project",
        "dependencies": {
          "SharedKernel.Domain": "[1.0.0, )",
          "SharedKernel.EventSourcing": "[1.0.0, )",
          "ViajantesTurismo.Common": "[1.0.0, )"
        }
      },
      "viajantesturismo.common": {
        "type": "Project",
        "dependencies": {
          "SharedKernel.Results": "[1.0.0, )"
        }
      }
    }
  }
}